
Microsoft Visual Studio Solution File, Format Version 12.00
# Visual Studio 15
VisualStudioVersion = 15.0.28307.421
MinimumVisualStudioVersion = 10.0.40219.1
Project("{9A19103F-16F7-4668-BE54-9A1E7A4F7556}") = "RazorPagesTerm", "RazorPagesTerm\RazorPagesTerm.csproj", "{476245AD-B81C-4EFB-B987-07A1C891A602}"
EndProject
Global
	GlobalSection(SolutionConfigurationPlatforms) = preSolution
		Debug|Any CPU = Debug|Any CPU
		Release|Any CPU = Release|Any CPU
	EndGlobalSection
	GlobalSection(ProjectConfigurationPlatforms) = postSolution
		{476245AD-B81C-4EFB-B987-07A1C891A602}.Debug|Any CPU.ActiveCfg = Debug|Any CPU
		{476245AD-B81C-4EFB-B987-07A1C891A602}.Debug|Any CPU.Build.0 = Debug|Any CPU
		{476245AD-B81C-4EFB-B987-07A1C891A602}.Release|Any CPU.ActiveCfg = Release|Any CPU
		{476245AD-B81C-4EFB-B987-07A1C891A602}.Release|Any CPU.Build.0 = Release|Any CPU
	EndGlobalSection
	GlobalSection(SolutionProperties) = preSolution
		HideSolutionNode = FALSE
	EndGlobalSection
	GlobalSection(ExtensibilityGlobals) = postSolution
		SolutionGuid = {F6953321-38B7-49DC-9C7D-FB2121F5032E}
	EndGlobalSection
EndGlobal
